
Microsoft Visual Studio Solution File, Format Version 12.00
# Visual Studio Version 16
VisualStudioVersion = 16.0.30225.117
MinimumVisualStudioVersion = 10.0.40219.1
Project("{9A19103F-16F7-4668-BE54-9A1E7A4F7556}") = "SimpDentifier 1.2", "SimpDentiier 1.2\SimpDentifier 1.2.csproj", "{FD4513F9-37D2-42BD-9358-0BD44A2646D8}"
EndProject
Project("{9A19103F-16F7-4668-BE54-9A1E7A4F7556}") = "StudentMarksheet", "..\StudentMarksheet\StudentMarksheet\StudentMarksheet.csproj", "{687FA24E-7ED8-40F5-A893-802E4480EDD0}"
EndProject
Project("{2150E333-8FDC-42A3-9474-1A3956D46DE8}") = "Solution Items", "Solution Items", "{C3270F8D-C297-429C-9F53-75509FC9A314}"
	ProjectSection(SolutionItems) = preProject
		.editorconfig = .editorconfig
	EndProjectSection
EndProject
Global
	GlobalSection(SolutionConfigurationPlatforms) = preSolution
		Debug|Any CPU = Debug|Any CPU
		Release|Any CPU = Release|Any CPU
	EndGlobalSection
	GlobalSection(ProjectConfigurationPlatforms) = postSolution
		{FD4513F9-37D2-42BD-9358-0BD44A2646D8}.Debug|Any CPU.ActiveCfg = Debug|Any CPU
		{FD4513F9-37D2-42BD-9358-0BD44A2646D8}.Debug|Any CPU.Build.0 = Debug|Any CPU
		{FD4513F9-37D2-42BD-9358-0BD44A2646D8}.Release|Any CPU.ActiveCfg = Release|Any CPU
		{FD4513F9-37D2-42BD-9358-0BD44A2646D8}.Release|Any CPU.Build.0 = Release|Any CPU
		{687FA24E-7ED8-40F5-A893-802E4480EDD0}.Debug|Any CPU.ActiveCfg = Debug|Any CPU
		{687FA24E-7ED8-40F5-A893-802E4480EDD0}.Debug|Any CPU.Build.0 = Debug|Any CPU
		{687FA24E-7ED8-40F5-A893-802E4480EDD0}.Release|Any CPU.ActiveCfg = Release|Any CPU
		{687FA24E-7ED8-40F5-A893-802E4480EDD0}.Release|Any CPU.Build.0 = Release|Any CPU
	EndGlobalSection
	GlobalSection(SolutionProperties) = preSolution
		HideSolutionNode = FALSE
	EndGlobalSection
	GlobalSection(ExtensibilityGlobals) = postSolution
		SolutionGuid = {F6887038-C578-4FA2-B6D2-DB2F57C529FC}
	EndGlobalSection
EndGlobal
